{
	"name": "@juicesharp/rpiv-todo",
	"version": "2.12.0",
	"lockfileVersion": 3,
	"requires": true,
	"packages": {
		"": {
			"name": "@juicesharp/rpiv-todo",
			"version": "2.12.0",
			"license": "MIT",
			"dependencies": {
				"@juicesharp/rpiv-config": "^2.12.0"
			},
			"peerDependencies": {
				"@earendil-works/pi-ai": "*",
				"@earendil-works/pi-coding-agent": "*",
				"@earendil-works/pi-tui": "*",
				"@juicesharp/rpiv-i18n": "*",
				"typebox": "*"
			},
			"peerDependenciesMeta": {
				"@juicesharp/rpiv-i18n": {
					"optional": true
				}
			}
		},
		"node_modules/@juicesharp/rpiv-config": {
			"version": "2.12.0",
			"resolved": "https://registry.npmjs.org/@juicesharp/rpiv-config/-/rpiv-config-2.12.0.tgz",
			"integrity": "sha512-eGjoCDCKz2JtKIUIpZ2y8CAVjxZYXCKa2D64ByozhkAWVblXsgyFLrQMk5k5Bv5RXRrA3GY66XNG5ExtEuGASA==",
			"license": "MIT",
			"peerDependencies": {
				"typebox": "*"
			}
		}
	}
}
